// !$*UTF8*$!
{
	archiveVersion = 1;
	classes = {
	};
	objectVersion = 50;
	objects = {

/* Begin PBXBuildFile section */
		C7E621C920EE7DD0005BFCFC /* AppDelegate.swift in Sources */ = {isa = PBXBuildFile; fileRef = C7E621C820EE7DD0005BFCFC /* AppDelegate.swift */; };
		C7E621CB20EE7DD0005BFCFC /* ViewController.swift in Sources */ = {isa = PBXBuildFile; fileRef = C7E621CA20EE7DD0005BFCFC /* ViewController.swift */; };
		C7E621CE20EE7DD0005BFCFC /* Main.storyboard in Resources */ = {isa = PBXBuildFile; fileRef = C7E621CC20EE7DD0005BFCFC /* Main.storyboard */; };
		C7E621D020EE7DD1005BFCFC /* Assets.xcassets in Resources */ = {isa = PBXBuildFile; fileRef = C7E621CF20EE7DD1005BFCFC /* Assets.xcassets */; };
		C7E621D320EE7DD1005BFCFC /* LaunchScreen.storyboard in Resources */ = {isa = PBXBuildFile; fileRef = C7E621D120EE7DD1005BFCFC /* LaunchScreen.storyboard */; };
		C7E621DB20EE7EFB005BFCFC /* RegisterButton.swift in Sources */ = {isa = PBXBuildFile; fileRef = C7E621DA20EE7EFB005BFCFC /* RegisterButton.swift */; };
		C7E621E020EE829D005BFCFC /* Extensions.swift in Sources */ = {isa = PBXBuildFile; fileRef = C7E621DF20EE829D005BFCFC /* Extensions.swift */; };
		C7E621E620EEE2DB005BFCFC /* RegisterViewModel.swift in Sources */ = {isa = PBXBuildFile; fileRef = C7E621E520EEE2DB005BFCFC /* RegisterViewModel.swift */; };
/* End PBXBuildFile section */

/* Begin PBXFileReference section */
		C7E621C520EE7DD0005BFCFC /* LoginReactiveStarter.app */ = {isa = PBXFileReference; explicitFileType = wrapper.application; includeInIndex = 0; path = LoginReactiveStarter.app; sourceTree = BUILT_PRODUCTS_DIR; };
		C7E621C820EE7DD0005BFCFC /* AppDelegate.swift */ = {isa = PBXFileReference; lastKnownFileType = sourcecode.swift; path = AppDelegate.swift; sourceTree = "<group>"; };
		C7E621CA20EE7DD0005BFCFC /* ViewController.swift */ = {isa = PBXFileReference; lastKnownFileType = sourcecode.swift; path = ViewController.swift; sourceTree = "<group>"; };
		C7E621CD20EE7DD0005BFCFC /* Base */ = {isa = PBXFileReference; lastKnownFileType = file.storyboard; name = Base; path = Base.lproj/Main.storyboard; sourceTree = "<group>"; };
		C7E621CF20EE7DD1005BFCFC /* Assets.xcassets */ = {isa = PBXFileReference; lastKnownFileType = folder.assetcatalog; path = Assets.xcassets; sourceTree = "<group>"; };
		C7E621D220EE7DD1005BFCFC /* Base */ = {isa = PBXFileReference; lastKnownFileType = file.storyboard; name = Base; path = Base.lproj/LaunchScreen.storyboard; sourceTree = "<group>"; };
		C7E621D420EE7DD1005BFCFC /* Info.plist */ = {isa = PBXFileReference; lastKnownFileType = text.plist.xml; path = Info.plist; sourceTree = "<group>"; };
		C7E621DA20EE7EFB005BFCFC /* RegisterButton.swift */ = {isa = PBXFileReference; fileEncoding = 4; lastKnownFileType = sourcecode.swift; path = RegisterButton.swift; sourceTree = "<group>"; };
		C7E621DF20EE829D005BFCFC /* Extensions.swift */ = {isa = PBXFileReference; lastKnownFileType = sourcecode.swift; path = Extensions.swift; sourceTree = "<group>"; };
		C7E621E520EEE2DB005BFCFC /* RegisterViewModel.swift */ = {isa = PBXFileReference; lastKnownFileType = sourcecode.swift; path = RegisterViewModel.swift; sourceTree = "<group>"; };
/* End PBXFileReference section */

/* Begin PBXFrameworksBuildPhase section */
		C7E621C220EE7DD0005BFCFC /* Frameworks */ = {
			isa = PBXFrameworksBuildPhase;
			buildActionMask = 2147483647;
			files = (
			);
			runOnlyForDeploymentPostprocessing = 0;
		};
/* End PBXFrameworksBuildPhase section */

/* Begin PBXGroup section */
		C7E621BC20EE7DD0005BFCFC = {
			isa = PBXGroup;
			children = (
				C7E621C720EE7DD0005BFCFC /* LoginReactiveStarter */,
				C7E621C620EE7DD0005BFCFC /* Products */,
			);
			sourceTree = "<group>";
		};
		C7E621C620EE7DD0005BFCFC /* Products */ = {
			isa = PBXGroup;
			children = (
				C7E621C520EE7DD0005BFCFC /* LoginReactiveStarter.app */,
			);
			name = Products;
			sourceTree = "<group>";
		};
		C7E621C720EE7DD0005BFCFC /* LoginReactiveStarter */ = {
			isa = PBXGroup;
			children = (
				C7E621C820EE7DD0005BFCFC /* AppDelegate.swift */,
				C7E621E420EEE2CD005BFCFC /* ViewModel */,
				C7E621DE20EE828B005BFCFC /* Utils */,
				C7E621DC20EE7EFF005BFCFC /* View */,
				C7E621DD20EE7F07005BFCFC /* Controller */,
				C7E621CC20EE7DD0005BFCFC /* Main.storyboard */,
				C7E621CF20EE7DD1005BFCFC /* Assets.xcassets */,
				C7E621D120EE7DD1005BFCFC /* LaunchScreen.storyboard */,
				C7E621D420EE7DD1005BFCFC /* Info.plist */,
			);
			path = LoginReactiveStarter;
			sourceTree = "<group>";
		};
		C7E621DC20EE7EFF005BFCFC /* View */ = {
			isa = PBXGroup;
			children = (
				C7E621DA20EE7EFB005BFCFC /* RegisterButton.swift */,
			);
			path = View;
			sourceTree = "<group>";
		};
		C7E621DD20EE7F07005BFCFC /* Controller */ = {
			isa = PBXGroup;
			children = (
				C7E621CA20EE7DD0005BFCFC /* ViewController.swift */,
			);
			path = Controller;
			sourceTree = "<group>";
		};
		C7E621DE20EE828B005BFCFC /* Utils */ = {
			isa = PBXGroup;
			children = (
				C7E621DF20EE829D005BFCFC /* Extensions.swift */,
			);
			path = Utils;
			sourceTree = "<group>";
		};
		C7E621E420EEE2CD005BFCFC /* ViewModel */ = {
			isa = PBXGroup;
			children = (
				C7E621E520EEE2DB005BFCFC /* RegisterViewModel.swift */,
			);
			path = ViewModel;
			sourceTree = "<group>";
		};
/* End PBXGroup section */

/* Begin PBXNativeTarget section */
		C7E621C420EE7DD0005BFCFC /* LoginReactiveStarter */ = {
			isa = PBXNativeTarget;
			buildConfigurationList = C7E621D720EE7DD1005BFCFC /* Build configuration list for PBXNativeTarget "LoginReactiveStarter" */;
			buildPhases = (
				C7E621C120EE7DD0005BFCFC /* Sources */,
				C7E621C220EE7DD0005BFCFC /* Frameworks */,
				C7E621C320EE7DD0005BFCFC /* Resources */,
			);
			buildRules = (
			);
			dependencies = (
			);
			name = LoginReactiveStarter;
			productName = LoginReactiveStarter;
			productReference = C7E621C520EE7DD0005BFCFC /* LoginReactiveStarter.app */;
			productType = "com.apple.product-type.application";
		};
/* End PBXNativeTarget section */

/* Begin PBXProject section */
		C7E621BD20EE7DD0005BFCFC /* Project object */ = {
			isa = PBXProject;
			attributes = {
				LastSwiftUpdateCheck = 0940;
				LastUpgradeCheck = 0940;
				ORGANIZATIONNAME = "Brian Voong";
				TargetAttributes = {
					C7E621C420EE7DD0005BFCFC = {
						CreatedOnToolsVersion = 9.4.1;
					};
				};
			};
			buildConfigurationList = C7E621C020EE7DD0005BFCFC /* Build configuration list for PBXProject "LoginReactiveStarter" */;
			compatibilityVersion = "Xcode 9.3";
			developmentRegion = en;
			hasScannedForEncodings = 0;
			knownRegions = (
				en,
				Base,
			);
			mainGroup = C7E621BC20EE7DD0005BFCFC;
			productRefGroup = C7E621C620EE7DD0005BFCFC /* Products */;
			projectDirPath = "";
			projectRoot = "";
			targets = (
				C7E621C420EE7DD0005BFCFC /* LoginReactiveStarter */,
			);
		};
/* End PBXProject section */

/* Begin PBXResourcesBuildPhase section */
		C7E621C320EE7DD0005BFCFC /* Resources */ = {
			isa = PBXResourcesBuildPhase;
			buildActionMask = 2147483647;
			files = (
				C7E621D320EE7DD1005BFCFC /* LaunchScreen.storyboard in Resources */,
				C7E621D020EE7DD1005BFCFC /* Assets.xcassets in Resources */,
				C7E621CE20EE7DD0005BFCFC /* Main.storyboard in Resources */,
			);
			runOnlyForDeploymentPostprocessing = 0;
		};
/* End PBXResourcesBuildPhase section */

/* Begin PBXSourcesBuildPhase section */
		C7E621C120EE7DD0005BFCFC /* Sources */ = {
			isa = PBXSourcesBuildPhase;
			buildActionMask = 2147483647;
			files = (
				C7E621DB20EE7EFB005BFCFC /* RegisterButton.swift in Sources */,
				C7E621E620EEE2DB005BFCFC /* RegisterViewModel.swift in Sources */,
				C7E621CB20EE7DD0005BFCFC /* ViewController.swift in Sources */,
				C7E621C920EE7DD0005BFCFC /* AppDelegate.swift in Sources */,
				C7E621E020EE829D005BFCFC /* Extensions.swift in Sources */,
			);
			runOnlyForDeploymentPostprocessing = 0;
		};
/* End PBXSourcesBuildPhase section */

/* Begin PBXVariantGroup section */
		C7E621CC20EE7DD0005BFCFC /* Main.storyboard */ = {
			isa = PBXVariantGroup;
			children = (
				C7E621CD20EE7DD0005BFCFC /* Base */,
			);
			name = Main.storyboard;
			sourceTree = "<group>";
		};
		C7E621D120EE7DD1005BFCFC /* LaunchScreen.storyboard */ = {
			isa = PBXVariantGroup;
			children = (
				C7E621D220EE7DD1005BFCFC /* Base */,
			);
			name = LaunchScreen.storyboard;
			sourceTree = "<group>";
		};
/* End PBXVariantGroup section */

/* Begin XCBuildConfiguration section */
		C7E621D520EE7DD1005BFCFC /* Debug */ = {
			isa = XCBuildConfiguration;
			buildSettings = {
				ALWAYS_SEARCH_USER_PATHS = NO;
				CLANG_ANALYZER_NONNULL = YES;
				CLANG_ANALYZER_NUMBER_OBJECT_CONVERSION = YES_AGGRESSIVE;
				CLANG_CXX_LANGUAGE_STANDARD = "gnu++14";
				CLANG_CXX_LIBRARY = "libc++";
				CLANG_ENABLE_MODULES = YES;
				CLANG_ENABLE_OBJC_ARC = YES;
				CLANG_ENABLE_OBJC_WEAK = YES;
				CLANG_WARN_BLOCK_CAPTURE_AUTORELEASING = YES;
				CLANG_WARN_BOOL_CONVERSION = YES;
				CLANG_WARN_COMMA = YES;
				CLANG_WARN_CONSTANT_CONVERSION = YES;
				CLANG_WARN_DEPRECATED_OBJC_IMPLEMENTATIONS = YES;
				CLANG_WARN_DIRECT_OBJC_ISA_USAGE = YES_ERROR;
				CLANG_WARN_DOCUMENTATION_COMMENTS = YES;
				CLANG_WARN_EMPTY_BODY = YES;
				CLANG_WARN_ENUM_CONVERSION = YES;
				CLANG_WARN_INFINITE_RECURSION = YES;
				CLANG_WARN_INT_CONVERSION = YES;
				CLANG_WARN_NON_LITERAL_NULL_CONVERSION = YES;
				CLANG_WARN_OBJC_IMPLICIT_RETAIN_SELF = YES;
				CLANG_WARN_OBJC_LITERAL_CONVERSION = YES;
				CLANG_WARN_OBJC_ROOT_CLASS = YES_ERROR;
				CLANG_WARN_RANGE_LOOP_ANALYSIS = YES;
				CLANG_WARN_STRICT_PROTOTYPES = YES;
				CLANG_WARN_SUSPICIOUS_MOVE = YES;
				CLANG_WARN_UNGUARDED_AVAILABILITY = YES_AGGRESSIVE;
				CLANG_WARN_UNREACHABLE_CODE = YES;
				CLANG_WARN__DUPLICATE_METHOD_MATCH = YES;
				CODE_SIGN_IDENTITY = "iPhone Developer";
				COPY_PHASE_STRIP = NO;
				DEBUG_INFORMATION_FORMAT = dwarf;
				ENABLE_STRICT_OBJC_MSGSEND = YES;
				ENABLE_TESTABILITY = YES;
				GCC_C_LANGUAGE_STANDARD = gnu11;
				GCC_DYNAMIC_NO_PIC = NO;
				GCC_NO_COMMON_BLOCKS = YES;
				GCC_OPTIMIZATION_LEVEL = 0;
				GCC_PREPROCESSOR_DEFINITIONS = (
					"DEBUG=1",
					"$(inherited)",
				);
				GCC_WARN_64_TO_32_BIT_CONVERSION = YES;
				GCC_WARN_ABOUT_RETURN_TYPE = YES_ERROR;
				GCC_WARN_UNDECLARED_SELECTOR = YES;
				GCC_WARN_UNINITIALIZED_AUTOS = YES_AGGRESSIVE;
				GCC_WARN_UNUSED_FUNCTION = YES;
				GCC_WARN_UNUSED_VARIABLE = YES;
				IPHONEOS_DEPLOYMENT_TARGET = 11.4;
				MTL_ENABLE_DEBUG_INFO = YES;
				ONLY_ACTIVE_ARCH = YES;
				SDKROOT = iphoneos;
				SWIFT_ACTIVE_COMPILATION_CONDITIONS = DEBUG;
				SWIFT_OPTIMIZATION_LEVEL = "-Onone";
			};
			name = Debug;
		};
		C7E621D620EE7DD1005BFCFC /* Release */ = {
			isa = XCBuildConfiguration;
			buildSettings = {
				ALWAYS_SEARCH_USER_PATHS = NO;
				CLANG_ANALYZER_NONNULL = YES;
				CLANG_ANALYZER_NUMBER_OBJECT_CONVERSION = YES_AGGRESSIVE;
				CLANG_CXX_LANGUAGE_STANDARD = "gnu++14";
				CLANG_CXX_LIBRARY = "libc++";
				CLANG_ENABLE_MODULES = YES;
				CLANG_ENABLE_OBJC_ARC = YES;
				CLANG_ENABLE_OBJC_WEAK = YES;
				CLANG_WARN_BLOCK_CAPTURE_AUTORELEASING = YES;
				CLANG_WARN_BOOL_CONVERSION = YES;
				CLANG_WARN_COMMA = YES;
				CLANG_WARN_CONSTANT_CONVERSION = YES;
				CLANG_WARN_DEPRECATED_OBJC_IMPLEMENTATIONS = YES;
				CLANG_WARN_DIRECT_OBJC_ISA_USAGE = YES_ERROR;
				CLANG_WARN_DOCUMENTATION_COMMENTS = YES;
				CLANG_WARN_EMPTY_BODY = YES;
				CLANG_WARN_ENUM_CONVERSION = YES;
				CLANG_WARN_INFINITE_RECURSION = YES;
				CLANG_WARN_INT_CONVERSION = YES;
				CLANG_WARN_NON_LITERAL_NULL_CONVERSION = YES;
				CLANG_WARN_OBJC_IMPLICIT_RETAIN_SELF = YES;
				CLANG_WARN_OBJC_LITERAL_CONVERSION = YES;
				CLANG_WARN_OBJC_ROOT_CLASS = YES_ERROR;
				CLANG_WARN_RANGE_LOOP_ANALYSIS = YES;
				CLANG_WARN_STRICT_PROTOTYPES = YES;
				CLANG_WARN_SUSPICIOUS_MOVE = YES;
				CLANG_WARN_UNGUARDED_AVAILABILITY = YES_AGGRESSIVE;
				CLANG_WARN_UNREACHABLE_CODE = YES;
				CLANG_WARN__DUPLICATE_METHOD_MATCH = YES;
				CODE_SIGN_IDENTITY = "iPhone Developer";
				COPY_PHASE_STRIP = NO;
				DEBUG_INFORMATION_FORMAT = "dwarf-with-dsym";
				ENABLE_NS_ASSERTIONS = NO;
				ENABLE_STRICT_OBJC_MSGSEND = YES;
				GCC_C_LANGUAGE_STANDARD = gnu11;
				GCC_NO_COMMON_BLOCKS = YES;
				GCC_WARN_64_TO_32_BIT_CONVERSION = YES;
				GCC_WARN_ABOUT_RETURN_TYPE = YES_ERROR;
				GCC_WARN_UNDECLARED_SELECTOR = YES;
				GCC_WARN_UNINITIALIZED_AUTOS = YES_AGGRESSIVE;
				GCC_WARN_UNUSED_FUNCTION = YES;
				GCC_WARN_UNUSED_VARIABLE = YES;
				IPHONEOS_DEPLOYMENT_TARGET = 11.4;
				MTL_ENABLE_DEBUG_INFO = NO;
				SDKROOT = iphoneos;
				SWIFT_COMPILATION_MODE = wholemodule;
				SWIFT_OPTIMIZATION_LEVEL = "-O";
				VALIDATE_PRODUCT = YES;
			};
			name = Release;
		};
		C7E621D820EE7DD1005BFCFC /* Debug */ = {
			isa = XCBuildConfiguration;
			buildSettings = {
				ASSETCATALOG_COMPILER_APPICON_NAME = AppIcon;
				CODE_SIGN_STYLE = Automatic;
				DEVELOPMENT_TEAM = TU4944T6UG;
				INFOPLIST_FILE = LoginReactiveStarter/Info.plist;
				LD_RUNPATH_SEARCH_PATHS = (
					"$(inherited)",
					"@executable_path/Frameworks",
				);
				PRODUCT_BUNDLE_IDENTIFIER = com.letsbuildthatapp.LoginReactiveStarter;
				PRODUCT_NAME = "$(TARGET_NAME)";
				SWIFT_VERSION = 4.0;
				TARGETED_DEVICE_FAMILY = "1,2";
			};
			name = Debug;
		};
		C7E621D920EE7DD1005BFCFC /* Release */ = {
			isa = XCBuildConfiguration;
			buildSettings = {
				ASSETCATALOG_COMPILER_APPICON_NAME = AppIcon;
				CODE_SIGN_STYLE = Automatic;
				DEVELOPMENT_TEAM = TU4944T6UG;
				INFOPLIST_FILE = LoginReactiveStarter/Info.plist;
				LD_RUNPATH_SEARCH_PATHS = (
					"$(inherited)",
					"@executable_path/Frameworks",
				);
				PRODUCT_BUNDLE_IDENTIFIER = com.letsbuildthatapp.LoginReactiveStarter;
				PRODUCT_NAME = "$(TARGET_NAME)";
				SWIFT_VERSION = 4.0;
				TARGETED_DEVICE_FAMILY = "1,2";
			};
			name = Release;
		};
/* End XCBuildConfiguration section */

/* Begin XCConfigurationList section */
		C7E621C020EE7DD0005BFCFC /* Build configuration list for PBXProject "LoginReactiveStarter" */ = {
			isa = XCConfigurationList;
			buildConfigurations = (
				C7E621D520EE7DD1005BFCFC /* Debug */,
				C7E621D620EE7DD1005BFCFC /* Release */,
			);
			defaultConfigurationIsVisible = 0;
			defaultConfigurationName = Release;
		};
		C7E621D720EE7DD1005BFCFC /* Build configuration list for PBXNativeTarget "LoginReactiveStarter" */ = {
			isa = XCConfigurationList;
			buildConfigurations = (
				C7E621D820EE7DD1005BFCFC /* Debug */,
				C7E621D920EE7DD1005BFCFC /* Release */,
			);
			defaultConfigurationIsVisible = 0;
			defaultConfigurationName = Release;
		};
/* End XCConfigurationList section */
	};
	rootObject = C7E621BD20EE7DD0005BFCFC /* Project object */;
}
